// !$*UTF8*$!
{
	archiveVersion = 1;
	classes = {
	};
	objectVersion = 50;
	objects = {

/* Begin PBXBuildFile section */
		A5DE55952105E3BE007A83C3 /* AppDelegate.swift in Sources */ = {isa = PBXBuildFile; fileRef = A5DE55942105E3BE007A83C3 /* AppDelegate.swift */; };
		A5DE55972105E3BE007A83C3 /* ViewController.swift in Sources */ = {isa = PBXBuildFile; fileRef = A5DE55962105E3BE007A83C3 /* ViewController.swift */; };
		A5DE559A2105E3BE007A83C3 /* Main.storyboard in Resources */ = {isa = PBXBuildFile; fileRef = A5DE55982105E3BE007A83C3 /* Main.storyboard */; };
		A5DE559C2105E3BF007A83C3 /* Assets.xcassets in Resources */ = {isa = PBXBuildFile; fileRef = A5DE559B2105E3BF007A83C3 /* Assets.xcassets */; };
		A5DE559F2105E3BF007A83C3 /* LaunchScreen.storyboard in Resources */ = {isa = PBXBuildFile; fileRef = A5DE559D2105E3BF007A83C3 /* LaunchScreen.storyboard */; };
		A5DE55A72105EF4E007A83C3 /* Presenter.swift in Sources */ = {isa = PBXBuildFile; fileRef = A5DE55A62105EF4E007A83C3 /* Presenter.swift */; };
/* End PBXBuildFile section */

/* Begin PBXFileReference section */
		A5DE55912105E3BE007A83C3 /* SwiftWithJS.app */ = {isa = PBXFileReference; explicitFileType = wrapper.application; includeInIndex = 0; path = SwiftWithJS.app; sourceTree = BUILT_PRODUCTS_DIR; };
		A5DE55942105E3BE007A83C3 /* AppDelegate.swift */ = {isa = PBXFileReference; lastKnownFileType = sourcecode.swift; path = AppDelegate.swift; sourceTree = "<group>"; };
		A5DE55962105E3BE007A83C3 /* ViewController.swift */ = {isa = PBXFileReference; lastKnownFileType = sourcecode.swift; path = ViewController.swift; sourceTree = "<group>"; };
		A5DE55992105E3BE007A83C3 /* Base */ = {isa = PBXFileReference; lastKnownFileType = file.storyboard; name = Base; path = Base.lproj/Main.storyboard; sourceTree = "<group>"; };
		A5DE559B2105E3BF007A83C3 /* Assets.xcassets */ = {isa = PBXFileReference; lastKnownFileType = folder.assetcatalog; path = Assets.xcassets; sourceTree = "<group>"; };
		A5DE559E2105E3BF007A83C3 /* Base */ = {isa = PBXFileReference; lastKnownFileType = file.storyboard; name = Base; path = Base.lproj/LaunchScreen.storyboard; sourceTree = "<group>"; };
		A5DE55A02105E3BF007A83C3 /* Info.plist */ = {isa = PBXFileReference; lastKnownFileType = text.plist.xml; path = Info.plist; sourceTree = "<group>"; };
		A5DE55A62105EF4E007A83C3 /* Presenter.swift */ = {isa = PBXFileReference; lastKnownFileType = sourcecode.swift; path = Presenter.swift; sourceTree = "<group>"; };
/* End PBXFileReference section */

/* Begin PBXFrameworksBuildPhase section */
		A5DE558E2105E3BE007A83C3 /* Frameworks */ = {
			isa = PBXFrameworksBuildPhase;
			buildActionMask = 2147483647;
			files = (
			);
			runOnlyForDeploymentPostprocessing = 0;
		};
/* End PBXFrameworksBuildPhase section */

/* Begin PBXGroup section */
		A5DE55882105E3BE007A83C3 = {
			isa = PBXGroup;
			children = (
				A5DE55932105E3BE007A83C3 /* SwiftWithJS */,
				A5DE55922105E3BE007A83C3 /* Products */,
			);
			sourceTree = "<group>";
		};
		A5DE55922105E3BE007A83C3 /* Products */ = {
			isa = PBXGroup;
			children = (
				A5DE55912105E3BE007A83C3 /* SwiftWithJS.app */,
			);
			name = Products;
			sourceTree = "<group>";
		};
		A5DE55932105E3BE007A83C3 /* SwiftWithJS */ = {
			isa = PBXGroup;
			children = (
				A5DE55942105E3BE007A83C3 /* AppDelegate.swift */,
				A5DE55962105E3BE007A83C3 /* ViewController.swift */,
				A5DE55A62105EF4E007A83C3 /* Presenter.swift */,
				A5DE55982105E3BE007A83C3 /* Main.storyboard */,
				A5DE559B2105E3BF007A83C3 /* Assets.xcassets */,
				A5DE559D2105E3BF007A83C3 /* LaunchScreen.storyboard */,
				A5DE55A02105E3BF007A83C3 /* Info.plist */,
			);
			path = SwiftWithJS;
			sourceTree = "<group>";
		};
/* End PBXGroup section */

/* Begin PBXNativeTarget section */
		A5DE55902105E3BE007A83C3 /* SwiftWithJS */ = {
			isa = PBXNativeTarget;
			buildConfigurationList = A5DE55A32105E3BF007A83C3 /* Build configuration list for PBXNativeTarget "SwiftWithJS" */;
			buildPhases = (
				A5DE558D2105E3BE007A83C3 /* Sources */,
				A5DE558E2105E3BE007A83C3 /* Frameworks */,
				A5DE558F2105E3BE007A83C3 /* Resources */,
			);
			buildRules = (
			);
			dependencies = (
			);
			name = SwiftWithJS;
			productName = SwiftWithJS;
			productReference = A5DE55912105E3BE007A83C3 /* SwiftWithJS.app */;
			productType = "com.apple.product-type.application";
		};
/* End PBXNativeTarget section */

/* Begin PBXProject section */
		A5DE55892105E3BE007A83C3 /* Project object */ = {
			isa = PBXProject;
			attributes = {
				LastSwiftUpdateCheck = 0930;
				LastUpgradeCheck = 0930;
				ORGANIZATIONNAME = "Swapnil Sankla";
				TargetAttributes = {
					A5DE55902105E3BE007A83C3 = {
						CreatedOnToolsVersion = 9.3.1;
					};
				};
			};
			buildConfigurationList = A5DE558C2105E3BE007A83C3 /* Build configuration list for PBXProject "SwiftWithJS" */;
			compatibilityVersion = "Xcode 9.3";
			developmentRegion = en;
			hasScannedForEncodings = 0;
			knownRegions = (
				en,
				Base,
			);
			mainGroup = A5DE55882105E3BE007A83C3;
			productRefGroup = A5DE55922105E3BE007A83C3 /* Products */;
			projectDirPath = "";
			projectRoot = "";
			targets = (
				A5DE55902105E3BE007A83C3 /* SwiftWithJS */,
			);
		};
/* End PBXProject section */

/* Begin PBXResourcesBuildPhase section */
		A5DE558F2105E3BE007A83C3 /* Resources */ = {
			isa = PBXResourcesBuildPhase;
			buildActionMask = 2147483647;
			files = (
				A5DE559F2105E3BF007A83C3 /* LaunchScreen.storyboard in Resources */,
				A5DE559C2105E3BF007A83C3 /* Assets.xcassets in Resources */,
				A5DE559A2105E3BE007A83C3 /* Main.storyboard in Resources */,
			);
			runOnlyForDeploymentPostprocessing = 0;
		};
/* End PBXResourcesBuildPhase section */

/* Begin PBXSourcesBuildPhase section */
		A5DE558D2105E3BE007A83C3 /* Sources */ = {
			isa = PBXSourcesBuildPhase;
			buildActionMask = 2147483647;
			files = (
				A5DE55A72105EF4E007A83C3 /* Presenter.swift in Sources */,
				A5DE55972105E3BE007A83C3 /* ViewController.swift in Sources */,
				A5DE55952105E3BE007A83C3 /* AppDelegate.swift in Sources */,
			);
			runOnlyForDeploymentPostprocessing = 0;
		};
/* End PBXSourcesBuildPhase section */

/* Begin PBXVariantGroup section */
		A5DE55982105E3BE007A83C3 /* Main.storyboard */ = {
			isa = PBXVariantGroup;
			children = (
				A5DE55992105E3BE007A83C3 /* Base */,
			);
			name = Main.storyboard;
			sourceTree = "<group>";
		};
		A5DE559D2105E3BF007A83C3 /* LaunchScreen.storyboard */ = {
			isa = PBXVariantGroup;
			children = (
				A5DE559E2105E3BF007A83C3 /* Base */,
			);
			name = LaunchScreen.storyboard;
			sourceTree = "<group>";
		};
/* End PBXVariantGroup section */

/* Begin XCBuildConfiguration section */
		A5DE55A12105E3BF007A83C3 /* Debug */ = {
			isa = XCBuildConfiguration;
			buildSettings = {
				ALWAYS_SEARCH_USER_PATHS = NO;
				CLANG_ANALYZER_NONNULL = YES;
				CLANG_ANALYZER_NUMBER_OBJECT_CONVERSION = YES_AGGRESSIVE;
				CLANG_CXX_LANGUAGE_STANDARD = "gnu++14";
				CLANG_CXX_LIBRARY = "libc++";
				CLANG_ENABLE_MODULES = YES;
				CLANG_ENABLE_OBJC_ARC = YES;
				CLANG_ENABLE_OBJC_WEAK = YES;
				CLANG_WARN_BLOCK_CAPTURE_AUTORELEASING = YES;
				CLANG_WARN_BOOL_CONVERSION = YES;
				CLANG_WARN_COMMA = YES;
				CLANG_WARN_CONSTANT_CONVERSION = YES;
				CLANG_WARN_DEPRECATED_OBJC_IMPLEMENTATIONS = YES;
				CLANG_WARN_DIRECT_OBJC_ISA_USAGE = YES_ERROR;
				CLANG_WARN_DOCUMENTATION_COMMENTS = YES;
				CLANG_WARN_EMPTY_BODY = YES;
				CLANG_WARN_ENUM_CONVERSION = YES;
				CLANG_WARN_INFINITE_RECURSION = YES;
				CLANG_WARN_INT_CONVERSION = YES;
				CLANG_WARN_NON_LITERAL_NULL_CONVERSION = YES;
				CLANG_WARN_OBJC_IMPLICIT_RETAIN_SELF = YES;
				CLANG_WARN_OBJC_LITERAL_CONVERSION = YES;
				CLANG_WARN_OBJC_ROOT_CLASS = YES_ERROR;
				CLANG_WARN_RANGE_LOOP_ANALYSIS = YES;
				CLANG_WARN_STRICT_PROTOTYPES = YES;
				CLANG_WARN_SUSPICIOUS_MOVE = YES;
				CLANG_WARN_UNGUARDED_AVAILABILITY = YES_AGGRESSIVE;
				CLANG_WARN_UNREACHABLE_CODE = YES;
				CLANG_WARN__DUPLICATE_METHOD_MATCH = YES;
				CODE_SIGN_IDENTITY = "iPhone Developer";
				COPY_PHASE_STRIP = NO;
				DEBUG_INFORMATION_FORMAT = dwarf;
				ENABLE_STRICT_OBJC_MSGSEND = YES;
				ENABLE_TESTABILITY = YES;
				GCC_C_LANGUAGE_STANDARD = gnu11;
				GCC_DYNAMIC_NO_PIC = NO;
				GCC_NO_COMMON_BLOCKS = YES;
				GCC_OPTIMIZATION_LEVEL = 0;
				GCC_PREPROCESSOR_DEFINITIONS = (
					"DEBUG=1",
					"$(inherited)",
				);
				GCC_WARN_64_TO_32_BIT_CONVERSION = YES;
				GCC_WARN_ABOUT_RETURN_TYPE = YES_ERROR;
				GCC_WARN_UNDECLARED_SELECTOR = YES;
				GCC_WARN_UNINITIALIZED_AUTOS = YES_AGGRESSIVE;
				GCC_WARN_UNUSED_FUNCTION = YES;
				GCC_WARN_UNUSED_VARIABLE = YES;
				IPHONEOS_DEPLOYMENT_TARGET = 11.3;
				MTL_ENABLE_DEBUG_INFO = YES;
				ONLY_ACTIVE_ARCH = YES;
				SDKROOT = iphoneos;
				SWIFT_ACTIVE_COMPILATION_CONDITIONS = DEBUG;
				SWIFT_OPTIMIZATION_LEVEL = "-Onone";
			};
			name = Debug;
		};
		A5DE55A22105E3BF007A83C3 /* Release */ = {
			isa = XCBuildConfiguration;
			buildSettings = {
				ALWAYS_SEARCH_USER_PATHS = NO;
				CLANG_ANALYZER_NONNULL = YES;
				CLANG_ANALYZER_NUMBER_OBJECT_CONVERSION = YES_AGGRESSIVE;
				CLANG_CXX_LANGUAGE_STANDARD = "gnu++14";
				CLANG_CXX_LIBRARY = "libc++";
				CLANG_ENABLE_MODULES = YES;
				CLANG_ENABLE_OBJC_ARC = YES;
				CLANG_ENABLE_OBJC_WEAK = YES;
				CLANG_WARN_BLOCK_CAPTURE_AUTORELEASING = YES;
				CLANG_WARN_BOOL_CONVERSION = YES;
				CLANG_WARN_COMMA = YES;
				CLANG_WARN_CONSTANT_CONVERSION = YES;
				CLANG_WARN_DEPRECATED_OBJC_IMPLEMENTATIONS = YES;
				CLANG_WARN_DIRECT_OBJC_ISA_USAGE = YES_ERROR;
				CLANG_WARN_DOCUMENTATION_COMMENTS = YES;
				CLANG_WARN_EMPTY_BODY = YES;
				CLANG_WARN_ENUM_CONVERSION = YES;
				CLANG_WARN_INFINITE_RECURSION = YES;
				CLANG_WARN_INT_CONVERSION = YES;
				CLANG_WARN_NON_LITERAL_NULL_CONVERSION = YES;
				CLANG_WARN_OBJC_IMPLICIT_RETAIN_SELF = YES;
				CLANG_WARN_OBJC_LITERAL_CONVERSION = YES;
				CLANG_WARN_OBJC_ROOT_CLASS = YES_ERROR;
				CLANG_WARN_RANGE_LOOP_ANALYSIS = YES;
				CLANG_WARN_STRICT_PROTOTYPES = YES;
				CLANG_WARN_SUSPICIOUS_MOVE = YES;
				CLANG_WARN_UNGUARDED_AVAILABILITY = YES_AGGRESSIVE;
				CLANG_WARN_UNREACHABLE_CODE = YES;
				CLANG_WARN__DUPLICATE_METHOD_MATCH = YES;
				CODE_SIGN_IDENTITY = "iPhone Developer";
				COPY_PHASE_STRIP = NO;
				DEBUG_INFORMATION_FORMAT = "dwarf-with-dsym";
				ENABLE_NS_ASSERTIONS = NO;
				ENABLE_STRICT_OBJC_MSGSEND = YES;
				GCC_C_LANGUAGE_STANDARD = gnu11;
				GCC_NO_COMMON_BLOCKS = YES;
				GCC_WARN_64_TO_32_BIT_CONVERSION = YES;
				GCC_WARN_ABOUT_RETURN_TYPE = YES_ERROR;
				GCC_WARN_UNDECLARED_SELECTOR = YES;
				GCC_WARN_UNINITIALIZED_AUTOS = YES_AGGRESSIVE;
				GCC_WARN_UNUSED_FUNCTION = YES;
				GCC_WARN_UNUSED_VARIABLE = YES;
				IPHONEOS_DEPLOYMENT_TARGET = 11.3;
				MTL_ENABLE_DEBUG_INFO = NO;
				SDKROOT = iphoneos;
				SWIFT_COMPILATION_MODE = wholemodule;
				SWIFT_OPTIMIZATION_LEVEL = "-O";
				VALIDATE_PRODUCT = YES;
			};
			name = Release;
		};
		A5DE55A42105E3BF007A83C3 /* Debug */ = {
			isa = XCBuildConfiguration;
			buildSettings = {
				ASSETCATALOG_COMPILER_APPICON_NAME = AppIcon;
				CODE_SIGN_STYLE = Automatic;
				DEVELOPMENT_TEAM = 6JN97A7TTS;
				INFOPLIST_FILE = SwiftWithJS/Info.plist;
				LD_RUNPATH_SEARCH_PATHS = (
					"$(inherited)",
					"@executable_path/Frameworks",
				);
				PRODUCT_BUNDLE_IDENTIFIER = sankla.swapnil.SwiftWithJS;
				PRODUCT_NAME = "$(TARGET_NAME)";
				SWIFT_VERSION = 4.0;
				TARGETED_DEVICE_FAMILY = "1,2";
			};
			name = Debug;
		};
		A5DE55A52105E3BF007A83C3 /* Release */ = {
			isa = XCBuildConfiguration;
			buildSettings = {
				ASSETCATALOG_COMPILER_APPICON_NAME = AppIcon;
				CODE_SIGN_STYLE = Automatic;
				DEVELOPMENT_TEAM = 6JN97A7TTS;
				INFOPLIST_FILE = SwiftWithJS/Info.plist;
				LD_RUNPATH_SEARCH_PATHS = (
					"$(inherited)",
					"@executable_path/Frameworks",
				);
				PRODUCT_BUNDLE_IDENTIFIER = sankla.swapnil.SwiftWithJS;
				PRODUCT_NAME = "$(TARGET_NAME)";
				SWIFT_VERSION = 4.0;
				TARGETED_DEVICE_FAMILY = "1,2";
			};
			name = Release;
		};
/* End XCBuildConfiguration section */

/* Begin XCConfigurationList section */
		A5DE558C2105E3BE007A83C3 /* Build configuration list for PBXProject "SwiftWithJS" */ = {
			isa = XCConfigurationList;
			buildConfigurations = (
				A5DE55A12105E3BF007A83C3 /* Debug */,
				A5DE55A22105E3BF007A83C3 /* Release */,
			);
			defaultConfigurationIsVisible = 0;
			defaultConfigurationName = Release;
		};
		A5DE55A32105E3BF007A83C3 /* Build configuration list for PBXNativeTarget "SwiftWithJS" */ = {
			isa = XCConfigurationList;
			buildConfigurations = (
				A5DE55A42105E3BF007A83C3 /* Debug */,
				A5DE55A52105E3BF007A83C3 /* Release */,
			);
			defaultConfigurationIsVisible = 0;
			defaultConfigurationName = Release;
		};
/* End XCConfigurationList section */
	};
	rootObject = A5DE55892105E3BE007A83C3 /* Project object */;
}
